
Microsoft Visual Studio Solution File, Format Version 12.00
Project("{FAE04EC0-301F-11D3-BF4B-00C04F79EFBC}") = "AestheticLife.Web", "AestheticLife.Web\AestheticLife.Web.csproj", "{8451C7A5-9FBA-49C4-868A-1862F6861B7E}"
EndProject
Project("{2150E333-8FDC-42A3-9474-1A3956D46DE8}") = "Web", "Web", "{F1FB6CDA-7BE0-4F09-A2CD-05C559F881C4}"
EndProject
Project("{2150E333-8FDC-42A3-9474-1A3956D46DE8}") = "Services", "Services", "{788E623C-BB98-4136-9A83-818612A9F661}"
EndProject
Project("{2150E333-8FDC-42A3-9474-1A3956D46DE8}") = "DataAccess", "DataAccess", "{BCAFDB21-F1D2-44AD-831F-406480766017}"
EndProject
Project("{2150E333-8FDC-42A3-9474-1A3956D46DE8}") = "Core", "Core", "{8101E9C5-F1B8-4375-AF77-A4C75A4694C5}"
EndProject
Project("{FAE04EC0-301F-11D3-BF4B-00C04F79EFBC}") = "AestheticLife.Auth.Services", "AestheticLife.Auth.Services\AestheticLife.Auth.Services.csproj", "{A29765BC-EEBD-4487-BE1C-ED779292C901}"
EndProject
Project("{FAE04EC0-301F-11D3-BF4B-00C04F79EFBC}") = "AestheticLife.Auth.Services.Abstractions", "AestheticLife.Auth.Services.Abstractions\AestheticLife.Auth.Services.Abstractions.csproj", "{3608D109-6247-48D5-977B-3CEA350BF615}"
EndProject
Project("{FAE04EC0-301F-11D3-BF4B-00C04F79EFBC}") = "AestheticLife.DataAccess", "AestheticLife.DataAccess\AestheticLife.DataAccess.csproj", "{BE35447B-2B8F-423C-B75B-397F72BABF96}"
EndProject
Project("{FAE04EC0-301F-11D3-BF4B-00C04F79EFBC}") = "AestheticLife.DataAccess.Domain", "AestheticLife.DataAccess.Domain\AestheticLife.DataAccess.Domain.csproj", "{346E66E9-DC80-4A0F-9A84-FA9D85DFDBA6}"
EndProject
Project("{FAE04EC0-301F-11D3-BF4B-00C04F79EFBC}") = "AestheticLife.DataAccess.Domain.Abstractions", "AestheticLife.DataAccess.Domain.Abstractions\AestheticLife.DataAccess.Domain.Abstractions.csproj", "{4448991D-2B57-489C-B028-8BC9944254F8}"
EndProject
Project("{FAE04EC0-301F-11D3-BF4B-00C04F79EFBC}") = "AestheticLife.Web.Core", "AestheticLife.Web.Core\AestheticLife.Web.Core.csproj", "{0796B577-FEB4-4891-B8FE-FC76987F338A}"
EndProject
Project("{FAE04EC0-301F-11D3-BF4B-00C04F79EFBC}") = "AestheticLife.Core", "AestheticLife.Core\AestheticLife.Core.csproj", "{F115B096-0BFF-4B88-9BD1-9DCF490F2061}"
EndProject
Project("{FAE04EC0-301F-11D3-BF4B-00C04F79EFBC}") = "AestheticLife.Core.Abstractions", "AestheticLife.Core.Abstractions\AestheticLife.Core.Abstractions.csproj", "{251CB405-E32D-4F14-BA1F-A58373920299}"
EndProject
Project("{FAE04EC0-301F-11D3-BF4B-00C04F79EFBC}") = "AestheticsLife.DataAccess.Abstractions", "AestheticsLife.DataAccess.Abstractions\AestheticsLife.DataAccess.Abstractions.csproj", "{82C6EC30-F0CC-41FA-8B97-EAF501C1ACFD}"
EndProject
Project("{FAE04EC0-301F-11D3-BF4B-00C04F79EFBC}") = "AestheticsLife.Web.Training", "AestheticsLife.Web.Training\AestheticsLife.Web.Training.csproj", "{7FA43668-3D14-4F60-ACA1-6C8970E80B61}"
EndProject
Project("{FAE04EC0-301F-11D3-BF4B-00C04F79EFBC}") = "AestheticsLife.Training.Services", "AestheticsLife.Training.Services\AestheticsLife.Training.Services.csproj", "{477AE2C4-191F-4B3C-A91C-D1A7447DB961}"
EndProject
Project("{FAE04EC0-301F-11D3-BF4B-00C04F79EFBC}") = "AestheticsLife.Training.Services.Abstractions", "AestheticsLife.Training.Services.Abstractions\AestheticsLife.Training.Services.Abstractions.csproj", "{2F8A26E7-08E8-4C81-9076-0E17A3297D92}"
EndProject
Project("{FAE04EC0-301F-11D3-BF4B-00C04F79EFBC}") = "AestheticsLife.File.Services", "AestheticsLife.File.Services\AestheticsLife.File.Services.csproj", "{DB3AFC7F-BDFF-46EB-A0D3-80E5E22B791F}"
EndProject
Project("{FAE04EC0-301F-11D3-BF4B-00C04F79EFBC}") = "AestheticsLife.File.Services.Abstractions", "AestheticsLife.File.Services.Abstractions\AestheticsLife.File.Services.Abstractions.csproj", "{D36C4FB3-EA8B-4DFD-8C3F-E3BA4030C28C}"
EndProject
Project("{FAE04EC0-301F-11D3-BF4B-00C04F79EFBC}") = "AestheticLife.Web.FileUploader", "AestheticLife.Web.FileUploader\AestheticLife.Web.FileUploader.csproj", "{E951926C-194B-4815-98EA-4A164EE02649}"
EndProject
Project("{FAE04EC0-301F-11D3-BF4B-00C04F79EFBC}") = "AestheticLife.Web.Gateway", "AestheticLife.Web.Gateway\AestheticLife.Web.Gateway.csproj", "{DCA6D067-E6CF-4435-88CC-66740547143C}"
EndProject
Project("{FAE04EC0-301F-11D3-BF4B-00C04F79EFBC}") = "Aesthetic.SignalR.Services.Abstractions", "Aesthetic.SignalR.Services.Abstractions\Aesthetic.SignalR.Services.Abstractions.csproj", "{88BDEA34-0F50-44B4-9974-8D1BF0BD766B}"
EndProject
Project("{FAE04EC0-301F-11D3-BF4B-00C04F79EFBC}") = "Aesthetic.SignalR.Services", "Aesthetic.SignalR.Services\Aesthetic.SignalR.Services.csproj", "{68E68AD3-69DA-4BF9-8F83-FDA12A890CD0}"
EndProject
Global
	GlobalSection(SolutionConfigurationPlatforms) = preSolution
		Debug|Any CPU = Debug|Any CPU
		Release|Any CPU = Release|Any CPU
	EndGlobalSection
	GlobalSection(ProjectConfigurationPlatforms) = postSolution
		{8451C7A5-9FBA-49C4-868A-1862F6861B7E}.Debug|Any CPU.ActiveCfg = Debug|Any CPU
		{8451C7A5-9FBA-49C4-868A-1862F6861B7E}.Debug|Any CPU.Build.0 = Debug|Any CPU
		{8451C7A5-9FBA-49C4-868A-1862F6861B7E}.Release|Any CPU.ActiveCfg = Release|Any CPU
		{8451C7A5-9FBA-49C4-868A-1862F6861B7E}.Release|Any CPU.Build.0 = Release|Any CPU
		{A29765BC-EEBD-4487-BE1C-ED779292C901}.Debug|Any CPU.ActiveCfg = Debug|Any CPU
		{A29765BC-EEBD-4487-BE1C-ED779292C901}.Debug|Any CPU.Build.0 = Debug|Any CPU
		{A29765BC-EEBD-4487-BE1C-ED779292C901}.Release|Any CPU.ActiveCfg = Release|Any CPU
		{A29765BC-EEBD-4487-BE1C-ED779292C901}.Release|Any CPU.Build.0 = Release|Any CPU
		{3608D109-6247-48D5-977B-3CEA350BF615}.Debug|Any CPU.ActiveCfg = Debug|Any CPU
		{3608D109-6247-48D5-977B-3CEA350BF615}.Debug|Any CPU.Build.0 = Debug|Any CPU
		{3608D109-6247-48D5-977B-3CEA350BF615}.Release|Any CPU.ActiveCfg = Release|Any CPU
		{3608D109-6247-48D5-977B-3CEA350BF615}.Release|Any CPU.Build.0 = Release|Any CPU
		{BE35447B-2B8F-423C-B75B-397F72BABF96}.Debug|Any CPU.ActiveCfg = Debug|Any CPU
		{BE35447B-2B8F-423C-B75B-397F72BABF96}.Debug|Any CPU.Build.0 = Debug|Any CPU
		{BE35447B-2B8F-423C-B75B-397F72BABF96}.Release|Any CPU.ActiveCfg = Release|Any CPU
		{BE35447B-2B8F-423C-B75B-397F72BABF96}.Release|Any CPU.Build.0 = Release|Any CPU
		{346E66E9-DC80-4A0F-9A84-FA9D85DFDBA6}.Debug|Any CPU.ActiveCfg = Debug|Any CPU
		{346E66E9-DC80-4A0F-9A84-FA9D85DFDBA6}.Debug|Any CPU.Build.0 = Debug|Any CPU
		{346E66E9-DC80-4A0F-9A84-FA9D85DFDBA6}.Release|Any CPU.ActiveCfg = Release|Any CPU
		{346E66E9-DC80-4A0F-9A84-FA9D85DFDBA6}.Release|Any CPU.Build.0 = Release|Any CPU
		{4448991D-2B57-489C-B028-8BC9944254F8}.Debug|Any CPU.ActiveCfg = Debug|Any CPU
		{4448991D-2B57-489C-B028-8BC9944254F8}.Debug|Any CPU.Build.0 = Debug|Any CPU
		{4448991D-2B57-489C-B028-8BC9944254F8}.Release|Any CPU.ActiveCfg = Release|Any CPU
		{4448991D-2B57-489C-B028-8BC9944254F8}.Release|Any CPU.Build.0 = Release|Any CPU
		{0796B577-FEB4-4891-B8FE-FC76987F338A}.Debug|Any CPU.ActiveCfg = Debug|Any CPU
		{0796B577-FEB4-4891-B8FE-FC76987F338A}.Debug|Any CPU.Build.0 = Debug|Any CPU
		{0796B577-FEB4-4891-B8FE-FC76987F338A}.Release|Any CPU.ActiveCfg = Release|Any CPU
		{0796B577-FEB4-4891-B8FE-FC76987F338A}.Release|Any CPU.Build.0 = Release|Any CPU
		{F115B096-0BFF-4B88-9BD1-9DCF490F2061}.Debug|Any CPU.ActiveCfg = Debug|Any CPU
		{F115B096-0BFF-4B88-9BD1-9DCF490F2061}.Debug|Any CPU.Build.0 = Debug|Any CPU
		{F115B096-0BFF-4B88-9BD1-9DCF490F2061}.Release|Any CPU.ActiveCfg = Release|Any CPU
		{F115B096-0BFF-4B88-9BD1-9DCF490F2061}.Release|Any CPU.Build.0 = Release|Any CPU
		{251CB405-E32D-4F14-BA1F-A58373920299}.Debug|Any CPU.ActiveCfg = Debug|Any CPU
		{251CB405-E32D-4F14-BA1F-A58373920299}.Debug|Any CPU.Build.0 = Debug|Any CPU
		{251CB405-E32D-4F14-BA1F-A58373920299}.Release|Any CPU.ActiveCfg = Release|Any CPU
		{251CB405-E32D-4F14-BA1F-A58373920299}.Release|Any CPU.Build.0 = Release|Any CPU
		{82C6EC30-F0CC-41FA-8B97-EAF501C1ACFD}.Debug|Any CPU.ActiveCfg = Debug|Any CPU
		{82C6EC30-F0CC-41FA-8B97-EAF501C1ACFD}.Debug|Any CPU.Build.0 = Debug|Any CPU
		{82C6EC30-F0CC-41FA-8B97-EAF501C1ACFD}.Release|Any CPU.ActiveCfg = Release|Any CPU
		{82C6EC30-F0CC-41FA-8B97-EAF501C1ACFD}.Release|Any CPU.Build.0 = Release|Any CPU
		{7FA43668-3D14-4F60-ACA1-6C8970E80B61}.Debug|Any CPU.ActiveCfg = Debug|Any CPU
		{7FA43668-3D14-4F60-ACA1-6C8970E80B61}.Debug|Any CPU.Build.0 = Debug|Any CPU
		{7FA43668-3D14-4F60-ACA1-6C8970E80B61}.Release|Any CPU.ActiveCfg = Release|Any CPU
		{7FA43668-3D14-4F60-ACA1-6C8970E80B61}.Release|Any CPU.Build.0 = Release|Any CPU
		{477AE2C4-191F-4B3C-A91C-D1A7447DB961}.Debug|Any CPU.ActiveCfg = Debug|Any CPU
		{477AE2C4-191F-4B3C-A91C-D1A7447DB961}.Debug|Any CPU.Build.0 = Debug|Any CPU
		{477AE2C4-191F-4B3C-A91C-D1A7447DB961}.Release|Any CPU.ActiveCfg = Release|Any CPU
		{477AE2C4-191F-4B3C-A91C-D1A7447DB961}.Release|Any CPU.Build.0 = Release|Any CPU
		{2F8A26E7-08E8-4C81-9076-0E17A3297D92}.Debug|Any CPU.ActiveCfg = Debug|Any CPU
		{2F8A26E7-08E8-4C81-9076-0E17A3297D92}.Debug|Any CPU.Build.0 = Debug|Any CPU
		{2F8A26E7-08E8-4C81-9076-0E17A3297D92}.Release|Any CPU.ActiveCfg = Release|Any CPU
		{2F8A26E7-08E8-4C81-9076-0E17A3297D92}.Release|Any CPU.Build.0 = Release|Any CPU
		{DB3AFC7F-BDFF-46EB-A0D3-80E5E22B791F}.Debug|Any CPU.ActiveCfg = Debug|Any CPU
		{DB3AFC7F-BDFF-46EB-A0D3-80E5E22B791F}.Debug|Any CPU.Build.0 = Debug|Any CPU
		{DB3AFC7F-BDFF-46EB-A0D3-80E5E22B791F}.Release|Any CPU.ActiveCfg = Release|Any CPU
		{DB3AFC7F-BDFF-46EB-A0D3-80E5E22B791F}.Release|Any CPU.Build.0 = Release|Any CPU
		{D36C4FB3-EA8B-4DFD-8C3F-E3BA4030C28C}.Debug|Any CPU.ActiveCfg = Debug|Any CPU
		{D36C4FB3-EA8B-4DFD-8C3F-E3BA4030C28C}.Debug|Any CPU.Build.0 = Debug|Any CPU
		{D36C4FB3-EA8B-4DFD-8C3F-E3BA4030C28C}.Release|Any CPU.ActiveCfg = Release|Any CPU
		{D36C4FB3-EA8B-4DFD-8C3F-E3BA4030C28C}.Release|Any CPU.Build.0 = Release|Any CPU
		{E951926C-194B-4815-98EA-4A164EE02649}.Debug|Any CPU.ActiveCfg = Debug|Any CPU
		{E951926C-194B-4815-98EA-4A164EE02649}.Debug|Any CPU.Build.0 = Debug|Any CPU
		{E951926C-194B-4815-98EA-4A164EE02649}.Release|Any CPU.ActiveCfg = Release|Any CPU
		{E951926C-194B-4815-98EA-4A164EE02649}.Release|Any CPU.Build.0 = Release|Any CPU
		{DCA6D067-E6CF-4435-88CC-66740547143C}.Debug|Any CPU.ActiveCfg = Debug|Any CPU
		{DCA6D067-E6CF-4435-88CC-66740547143C}.Debug|Any CPU.Build.0 = Debug|Any CPU
		{DCA6D067-E6CF-4435-88CC-66740547143C}.Release|Any CPU.ActiveCfg = Release|Any CPU
		{DCA6D067-E6CF-4435-88CC-66740547143C}.Release|Any CPU.Build.0 = Release|Any CPU
		{88BDEA34-0F50-44B4-9974-8D1BF0BD766B}.Debug|Any CPU.ActiveCfg = Debug|Any CPU
		{88BDEA34-0F50-44B4-9974-8D1BF0BD766B}.Debug|Any CPU.Build.0 = Debug|Any CPU
		{88BDEA34-0F50-44B4-9974-8D1BF0BD766B}.Release|Any CPU.ActiveCfg = Release|Any CPU
		{88BDEA34-0F50-44B4-9974-8D1BF0BD766B}.Release|Any CPU.Build.0 = Release|Any CPU
		{68E68AD3-69DA-4BF9-8F83-FDA12A890CD0}.Debug|Any CPU.ActiveCfg = Debug|Any CPU
		{68E68AD3-69DA-4BF9-8F83-FDA12A890CD0}.Debug|Any CPU.Build.0 = Debug|Any CPU
		{68E68AD3-69DA-4BF9-8F83-FDA12A890CD0}.Release|Any CPU.ActiveCfg = Release|Any CPU
		{68E68AD3-69DA-4BF9-8F83-FDA12A890CD0}.Release|Any CPU.Build.0 = Release|Any CPU
	EndGlobalSection
	GlobalSection(NestedProjects) = preSolution
		{8451C7A5-9FBA-49C4-868A-1862F6861B7E} = {F1FB6CDA-7BE0-4F09-A2CD-05C559F881C4}
		{A29765BC-EEBD-4487-BE1C-ED779292C901} = {788E623C-BB98-4136-9A83-818612A9F661}
		{3608D109-6247-48D5-977B-3CEA350BF615} = {788E623C-BB98-4136-9A83-818612A9F661}
		{BE35447B-2B8F-423C-B75B-397F72BABF96} = {BCAFDB21-F1D2-44AD-831F-406480766017}
		{346E66E9-DC80-4A0F-9A84-FA9D85DFDBA6} = {BCAFDB21-F1D2-44AD-831F-406480766017}
		{4448991D-2B57-489C-B028-8BC9944254F8} = {BCAFDB21-F1D2-44AD-831F-406480766017}
		{0796B577-FEB4-4891-B8FE-FC76987F338A} = {F1FB6CDA-7BE0-4F09-A2CD-05C559F881C4}
		{F115B096-0BFF-4B88-9BD1-9DCF490F2061} = {8101E9C5-F1B8-4375-AF77-A4C75A4694C5}
		{251CB405-E32D-4F14-BA1F-A58373920299} = {8101E9C5-F1B8-4375-AF77-A4C75A4694C5}
		{82C6EC30-F0CC-41FA-8B97-EAF501C1ACFD} = {BCAFDB21-F1D2-44AD-831F-406480766017}
		{7FA43668-3D14-4F60-ACA1-6C8970E80B61} = {F1FB6CDA-7BE0-4F09-A2CD-05C559F881C4}
		{477AE2C4-191F-4B3C-A91C-D1A7447DB961} = {788E623C-BB98-4136-9A83-818612A9F661}
		{2F8A26E7-08E8-4C81-9076-0E17A3297D92} = {788E623C-BB98-4136-9A83-818612A9F661}
		{DB3AFC7F-BDFF-46EB-A0D3-80E5E22B791F} = {788E623C-BB98-4136-9A83-818612A9F661}
		{D36C4FB3-EA8B-4DFD-8C3F-E3BA4030C28C} = {788E623C-BB98-4136-9A83-818612A9F661}
		{E951926C-194B-4815-98EA-4A164EE02649} = {F1FB6CDA-7BE0-4F09-A2CD-05C559F881C4}
		{DCA6D067-E6CF-4435-88CC-66740547143C} = {F1FB6CDA-7BE0-4F09-A2CD-05C559F881C4}
		{88BDEA34-0F50-44B4-9974-8D1BF0BD766B} = {788E623C-BB98-4136-9A83-818612A9F661}
		{68E68AD3-69DA-4BF9-8F83-FDA12A890CD0} = {788E623C-BB98-4136-9A83-818612A9F661}
	EndGlobalSection
EndGlobal
